// !$*UTF8*$!
{
	archiveVersion = 1;
	classes = {
	};
	objectVersion = 56;
	objects = {

/* Begin PBXBuildFile section */
		A00000000000000000000001 /* ToolboxApp.swift in Sources */ = {isa = PBXBuildFile; fileRef = A00000000000000000000011 /* ToolboxApp.swift */; };
		A00000000000000000000002 /* ContentView.swift in Sources */ = {isa = PBXBuildFile; fileRef = A00000000000000000000012 /* ContentView.swift */; };
		A00000000000000000000003 /* ScriptTool.swift in Sources */ = {isa = PBXBuildFile; fileRef = A00000000000000000000013 /* ScriptTool.swift */; };
		A00000000000000000000004 /* RootViewModel.swift in Sources */ = {isa = PBXBuildFile; fileRef = A00000000000000000000014 /* RootViewModel.swift */; };
		A00000000000000000000005 /* SidebarView.swift in Sources */ = {isa = PBXBuildFile; fileRef = A00000000000000000000015 /* SidebarView.swift */; };
		A00000000000000000000006 /* TextInputPane.swift in Sources */ = {isa = PBXBuildFile; fileRef = A00000000000000000000016 /* TextInputPane.swift */; };
		A00000000000000000000007 /* TerminalPaneView.swift in Sources */ = {isa = PBXBuildFile; fileRef = A00000000000000000000017 /* TerminalPaneView.swift */; };
		A00000000000000000000008 /* PTYTerminalService.swift in Sources */ = {isa = PBXBuildFile; fileRef = A00000000000000000000018 /* PTYTerminalService.swift */; };
		A00000000000000000000009 /* Assets.xcassets in Resources */ = {isa = PBXBuildFile; fileRef = A00000000000000000000019 /* Assets.xcassets */; };
		A0000000000000000000000A /* Preview Assets.xcassets in Resources */ = {isa = PBXBuildFile; fileRef = A0000000000000000000001A /* Preview Assets.xcassets */; };
		A0000000000000000000002A /* Scripts in Resources */ = {isa = PBXBuildFile; fileRef = A0000000000000000000002B /* Scripts */; };
		A0000000000000000000002C /* tool_config.json in Resources */ = {isa = PBXBuildFile; fileRef = A0000000000000000000002D /* tool_config.json */; };
		A0000000000000000000002E /* Binaries in Resources */ = {isa = PBXBuildFile; fileRef = A0000000000000000000002F /* Binaries */; };
		A00000000000000000000030 /* AppKitTextViews.swift in Sources */ = {isa = PBXBuildFile; fileRef = A00000000000000000000031 /* AppKitTextViews.swift */; };
		A00000000000000000000032 /* ToolFileStore.swift in Sources */ = {isa = PBXBuildFile; fileRef = A00000000000000000000033 /* ToolFileStore.swift */; };
		A00000000000000000000034 /* Help in Resources */ = {isa = PBXBuildFile; fileRef = A00000000000000000000035 /* Help */; };
		A00000000000000000000036 /* Configs in Resources */ = {isa = PBXBuildFile; fileRef = A00000000000000000000037 /* Configs */; };
		A00000000000000000000038 /* PTYProcess.swift in Sources */ = {isa = PBXBuildFile; fileRef = A00000000000000000000039 /* PTYProcess.swift */; };
		A00000000000000000000040 /* FileRenamerPane.swift in Sources */ = {isa = PBXBuildFile; fileRef = A00000000000000000000041 /* FileRenamerPane.swift */; };
/* End PBXBuildFile section */

/* Begin PBXFileReference section */
		A0000000000000000000000E /* Toolbox.app */ = {isa = PBXFileReference; explicitFileType = wrapper.application; includeInIndex = 0; path = Toolbox.app; sourceTree = BUILT_PRODUCTS_DIR; };
		A00000000000000000000011 /* ToolboxApp.swift */ = {isa = PBXFileReference; lastKnownFileType = sourcecode.swift; path = ToolboxApp.swift; sourceTree = "<group>"; };
		A00000000000000000000012 /* ContentView.swift */ = {isa = PBXFileReference; lastKnownFileType = sourcecode.swift; path = ContentView.swift; sourceTree = "<group>"; };
		A00000000000000000000013 /* ScriptTool.swift */ = {isa = PBXFileReference; lastKnownFileType = sourcecode.swift; path = ScriptTool.swift; sourceTree = "<group>"; };
		A00000000000000000000014 /* RootViewModel.swift */ = {isa = PBXFileReference; lastKnownFileType = sourcecode.swift; path = RootViewModel.swift; sourceTree = "<group>"; };
		A00000000000000000000015 /* SidebarView.swift */ = {isa = PBXFileReference; lastKnownFileType = sourcecode.swift; path = SidebarView.swift; sourceTree = "<group>"; };
		A00000000000000000000016 /* TextInputPane.swift */ = {isa = PBXFileReference; lastKnownFileType = sourcecode.swift; path = TextInputPane.swift; sourceTree = "<group>"; };
		A00000000000000000000017 /* TerminalPaneView.swift */ = {isa = PBXFileReference; lastKnownFileType = sourcecode.swift; path = TerminalPaneView.swift; sourceTree = "<group>"; };
		A00000000000000000000018 /* PTYTerminalService.swift */ = {isa = PBXFileReference; lastKnownFileType = sourcecode.swift; path = PTYTerminalService.swift; sourceTree = "<group>"; };
		A00000000000000000000019 /* Assets.xcassets */ = {isa = PBXFileReference; lastKnownFileType = folder.assetcatalog; path = Assets.xcassets; sourceTree = "<group>"; };
		A0000000000000000000001A /* Preview Assets.xcassets */ = {isa = PBXFileReference; lastKnownFileType = folder.assetcatalog; path = "Preview Assets.xcassets"; sourceTree = "<group>"; };
		A0000000000000000000002B /* Scripts */ = {isa = PBXFileReference; lastKnownFileType = folder; path = Scripts; sourceTree = "<group>"; };
		A0000000000000000000002D /* tool_config.json */ = {isa = PBXFileReference; lastKnownFileType = text.json; path = tool_config.json; sourceTree = "<group>"; };
		A0000000000000000000002F /* Binaries */ = {isa = PBXFileReference; lastKnownFileType = folder; path = Binaries; sourceTree = "<group>"; };
		A00000000000000000000031 /* AppKitTextViews.swift */ = {isa = PBXFileReference; lastKnownFileType = sourcecode.swift; path = AppKitTextViews.swift; sourceTree = "<group>"; };
		A00000000000000000000033 /* ToolFileStore.swift */ = {isa = PBXFileReference; lastKnownFileType = sourcecode.swift; path = ToolFileStore.swift; sourceTree = "<group>"; };
		A00000000000000000000035 /* Help */ = {isa = PBXFileReference; lastKnownFileType = folder; path = Help; sourceTree = "<group>"; };
		A00000000000000000000037 /* Configs */ = {isa = PBXFileReference; lastKnownFileType = folder; path = Configs; sourceTree = "<group>"; };
		A00000000000000000000039 /* PTYProcess.swift */ = {isa = PBXFileReference; lastKnownFileType = sourcecode.swift; path = PTYProcess.swift; sourceTree = "<group>"; };
		A00000000000000000000041 /* FileRenamerPane.swift */ = {isa = PBXFileReference; lastKnownFileType = sourcecode.swift; path = FileRenamerPane.swift; sourceTree = "<group>"; };
/* End PBXFileReference section */

/* Begin PBXFrameworksBuildPhase section */
		A0000000000000000000000B /* Frameworks */ = {
			isa = PBXFrameworksBuildPhase;
			buildActionMask = 2147483647;
			files = (
			);
			runOnlyForDeploymentPostprocessing = 0;
		};
/* End PBXFrameworksBuildPhase section */

/* Begin PBXGroup section */
		A0000000000000000000000C = {
			isa = PBXGroup;
			children = (
				A00000000000000000000010 /* Toolbox */,
				A0000000000000000000000D /* Products */,
			);
			sourceTree = "<group>";
		};
		A0000000000000000000000D /* Products */ = {
			isa = PBXGroup;
			children = (
				A0000000000000000000000E /* Toolbox.app */,
			);
			name = Products;
			sourceTree = "<group>";
		};
		A00000000000000000000010 /* Toolbox */ = {
			isa = PBXGroup;
			children = (
				A00000000000000000000011 /* ToolboxApp.swift */,
				A0000000000000000000001B /* Models */,
				A0000000000000000000001C /* ViewModels */,
				A0000000000000000000001D /* Views */,
				A0000000000000000000001E /* Services */,
				A0000000000000000000001F /* Resources */,
			);
			path = Toolbox;
			sourceTree = "<group>";
		};
		A0000000000000000000001B /* Models */ = {
			isa = PBXGroup;
			children = (
				A00000000000000000000013 /* ScriptTool.swift */,
			);
			path = Models;
			sourceTree = "<group>";
		};
		A0000000000000000000001C /* ViewModels */ = {
			isa = PBXGroup;
			children = (
				A00000000000000000000014 /* RootViewModel.swift */,
			);
			path = ViewModels;
			sourceTree = "<group>";
		};
		A0000000000000000000001D /* Views */ = {
			isa = PBXGroup;
			children = (
				A00000000000000000000012 /* ContentView.swift */,
				A00000000000000000000031 /* AppKitTextViews.swift */,
				A00000000000000000000015 /* SidebarView.swift */,
				A00000000000000000000016 /* TextInputPane.swift */,
				A00000000000000000000017 /* TerminalPaneView.swift */,
				A00000000000000000000041 /* FileRenamerPane.swift */,
			);
			path = Views;
			sourceTree = "<group>";
		};
		A0000000000000000000001E /* Services */ = {
			isa = PBXGroup;
			children = (
				A00000000000000000000018 /* PTYTerminalService.swift */,
				A00000000000000000000033 /* ToolFileStore.swift */,
				A00000000000000000000039 /* PTYProcess.swift */,
			);
			path = Services;
			sourceTree = "<group>";
		};
		A0000000000000000000001F /* Resources */ = {
			isa = PBXGroup;
			children = (
				A00000000000000000000019 /* Assets.xcassets */,
				A0000000000000000000002D /* tool_config.json */,
				A0000000000000000000002F /* Binaries */,
				A00000000000000000000037 /* Configs */,
				A00000000000000000000035 /* Help */,
				A0000000000000000000002B /* Scripts */,
				A00000000000000000000020 /* Preview Content */,
			);
			path = Resources;
			sourceTree = "<group>";
		};
		A00000000000000000000020 /* Preview Content */ = {
			isa = PBXGroup;
			children = (
				A0000000000000000000001A /* Preview Assets.xcassets */,
			);
			path = "Preview Content";
			sourceTree = "<group>";
		};
/* End PBXGroup section */

/* Begin PBXNativeTarget section */
		A0000000000000000000000F /* Toolbox */ = {
			isa = PBXNativeTarget;
			buildConfigurationList = A00000000000000000000029 /* Build configuration list for PBXNativeTarget "Toolbox" */;
			buildPhases = (
				A00000000000000000000042 /* Unpack check_main_pkg */,
				A00000000000000000000021 /* Sources */,
				A0000000000000000000000B /* Frameworks */,
				A00000000000000000000022 /* Resources */,
			);
			buildRules = (
			);
			dependencies = (
			);
			name = Toolbox;
			productName = Toolbox;
			productReference = A0000000000000000000000E /* Toolbox.app */;
			productType = "com.apple.product-type.application";
		};
/* End PBXNativeTarget section */

/* Begin PBXProject section */
		A00000000000000000000023 /* Project object */ = {
			isa = PBXProject;
			attributes = {
				BuildIndependentTargetsInParallel = 1;
				LastSwiftUpdateCheck = 1600;
				LastUpgradeCheck = 1600;
				TargetAttributes = {
					A0000000000000000000000F = {
						CreatedOnToolsVersion = 16.0;
					};
				};
			};
			buildConfigurationList = A00000000000000000000024 /* Build configuration list for PBXProject "Toolbox" */;
			compatibilityVersion = "Xcode 14.0";
			developmentRegion = en;
			hasScannedForEncodings = 0;
			knownRegions = (
				en,
				Base,
			);
			mainGroup = A0000000000000000000000C;
			productRefGroup = A0000000000000000000000D /* Products */;
			projectDirPath = "";
			projectRoot = "";
			targets = (
				A0000000000000000000000F /* Toolbox */,
			);
		};
/* End PBXProject section */

/* Begin PBXResourcesBuildPhase section */
		A00000000000000000000022 /* Resources */ = {
			isa = PBXResourcesBuildPhase;
			buildActionMask = 2147483647;
			files = (
				A00000000000000000000009 /* Assets.xcassets in Resources */,
				A0000000000000000000000A /* Preview Assets.xcassets in Resources */,
				A0000000000000000000002C /* tool_config.json in Resources */,
				A0000000000000000000002E /* Binaries in Resources */,
				A00000000000000000000036 /* Configs in Resources */,
				A00000000000000000000034 /* Help in Resources */,
				A0000000000000000000002A /* Scripts in Resources */,
			);
			runOnlyForDeploymentPostprocessing = 0;
		};
/* End PBXResourcesBuildPhase section */

/* Begin PBXShellScriptBuildPhase section */
		A00000000000000000000042 /* Unpack check_main_pkg */ = {
			isa = PBXShellScriptBuildPhase;
			buildActionMask = 2147483647;
			files = (
			);
			inputFileListPaths = (
			);
			inputPaths = (
				"${SRCROOT}/Toolbox/Resources/Binaries/check_main_pkg.zip",
			);
			name = "Unpack check_main_pkg";
			outputFileListPaths = (
			);
			outputPaths = (
				"${SRCROOT}/Toolbox/Resources/Binaries/check_main_pkg/check_main_bin",
			);
			runOnlyForDeploymentPostprocessing = 0;
			shellPath = /bin/sh;
			shellScript = "#!/bin/sh\nset -e\nBINARIES=\"${SRCROOT}/Toolbox/Resources/Binaries\"\nZIP=\"${BINARIES}/check_main_pkg.zip\"\nTARGET=\"${BINARIES}/check_main_pkg/check_main_bin\"\nif [ ! -f \"$ZIP\" ]; then\n  echo \"error: missing ${ZIP} (GitHub 仅保留 zip，见 AGENTS.md)\"\n  exit 1\nfi\nif [ -x \"$TARGET\" ] && [ ! \"$ZIP\" -nt \"$TARGET\" ]; then\n  exit 0\nfi\necho \"Unpacking check_main_pkg.zip...\"\nrm -rf \"${BINARIES}/check_main_pkg\"\nunzip -oq \"$ZIP\" -d \"$BINARIES\"\nchmod +x \"$TARGET\"\n";
		};
/* End PBXShellScriptBuildPhase section */

/* Begin PBXSourcesBuildPhase section */
		A00000000000000000000021 /* Sources */ = {
			isa = PBXSourcesBuildPhase;
			buildActionMask = 2147483647;
			files = (
				A00000000000000000000001 /* ToolboxApp.swift in Sources */,
				A00000000000000000000002 /* ContentView.swift in Sources */,
				A00000000000000000000003 /* ScriptTool.swift in Sources */,
				A00000000000000000000004 /* RootViewModel.swift in Sources */,
				A00000000000000000000030 /* AppKitTextViews.swift in Sources */,
				A00000000000000000000005 /* SidebarView.swift in Sources */,
				A00000000000000000000006 /* TextInputPane.swift in Sources */,
				A00000000000000000000007 /* TerminalPaneView.swift in Sources */,
				A00000000000000000000008 /* PTYTerminalService.swift in Sources */,
				A00000000000000000000032 /* ToolFileStore.swift in Sources */,
				A00000000000000000000038 /* PTYProcess.swift in Sources */,
				A00000000000000000000040 /* FileRenamerPane.swift in Sources */,
			);
			runOnlyForDeploymentPostprocessing = 0;
		};
/* End PBXSourcesBuildPhase section */

/* Begin XCBuildConfiguration section */
		A00000000000000000000025 /* Debug */ = {
			isa = XCBuildConfiguration;
			buildSettings = {
				ALWAYS_SEARCH_USER_PATHS = NO;
				CLANG_ENABLE_MODULES = YES;
				CLANG_ENABLE_OBJC_ARC = YES;
				CODE_SIGN_STYLE = Automatic;
				COPY_PHASE_STRIP = NO;
				DEBUG_INFORMATION_FORMAT = dwarf;
				ENABLE_STRICT_OBJC_MSGSEND = YES;
				GCC_C_LANGUAGE_STANDARD = gnu17;
				MACOSX_DEPLOYMENT_TARGET = 12.3;
				SDKROOT = macosx;
				SWIFT_VERSION = 5.0;
			};
			name = Debug;
		};
		A00000000000000000000026 /* Release */ = {
			isa = XCBuildConfiguration;
			buildSettings = {
				ALWAYS_SEARCH_USER_PATHS = NO;
				CLANG_ENABLE_MODULES = YES;
				CLANG_ENABLE_OBJC_ARC = YES;
				CODE_SIGN_STYLE = Automatic;
				DEBUG_INFORMATION_FORMAT = "dwarf-with-dsym";
				ENABLE_NS_ASSERTIONS = NO;
				ENABLE_STRICT_OBJC_MSGSEND = YES;
				GCC_C_LANGUAGE_STANDARD = gnu17;
				MACOSX_DEPLOYMENT_TARGET = 12.3;
				SDKROOT = macosx;
				SWIFT_COMPILATION_MODE = wholemodule;
				SWIFT_OPTIMIZATION_LEVEL = "-O";
				SWIFT_VERSION = 5.0;
			};
			name = Release;
		};
		A00000000000000000000027 /* Debug */ = {
			isa = XCBuildConfiguration;
			buildSettings = {
				ASSETCATALOG_COMPILER_APPICON_NAME = AppIcon;
				CODE_SIGN_STYLE = Automatic;
				CURRENT_PROJECT_VERSION = 1;
				DEVELOPMENT_TEAM = "";
				ENABLE_APP_SANDBOX = NO;
				GENERATE_INFOPLIST_FILE = YES;
				INFOPLIST_KEY_CFBundleDisplayName = Toolbox;
				INFOPLIST_KEY_LSApplicationCategoryType = "public.app-category.utilities";
				INFOPLIST_KEY_NSHumanReadableCopyright = "";
				LD_RUNPATH_SEARCH_PATHS = (
					"$(inherited)",
					"@executable_path/../Frameworks",
				);
				MACOSX_DEPLOYMENT_TARGET = 12.3;
				MARKETING_VERSION = 1.0;
				PRODUCT_BUNDLE_IDENTIFIER = local.liu.Toolbox;
				PRODUCT_NAME = "$(TARGET_NAME)";
				SWIFT_EMIT_LOC_STRINGS = YES;
				SWIFT_VERSION = 5.0;
			};
			name = Debug;
		};
		A00000000000000000000028 /* Release */ = {
			isa = XCBuildConfiguration;
			buildSettings = {
				ASSETCATALOG_COMPILER_APPICON_NAME = AppIcon;
				CODE_SIGN_STYLE = Automatic;
				CURRENT_PROJECT_VERSION = 1;
				DEVELOPMENT_TEAM = "";
				ENABLE_APP_SANDBOX = NO;
				GENERATE_INFOPLIST_FILE = YES;
				INFOPLIST_KEY_CFBundleDisplayName = Toolbox;
				INFOPLIST_KEY_LSApplicationCategoryType = "public.app-category.utilities";
				INFOPLIST_KEY_NSHumanReadableCopyright = "";
				LD_RUNPATH_SEARCH_PATHS = (
					"$(inherited)",
					"@executable_path/../Frameworks",
				);
				MACOSX_DEPLOYMENT_TARGET = 12.3;
				MARKETING_VERSION = 1.0;
				PRODUCT_BUNDLE_IDENTIFIER = local.liu.Toolbox;
				PRODUCT_NAME = "$(TARGET_NAME)";
				SWIFT_EMIT_LOC_STRINGS = YES;
				SWIFT_VERSION = 5.0;
			};
			name = Release;
		};
/* End XCBuildConfiguration section */

/* Begin XCConfigurationList section */
		A00000000000000000000024 /* Build configuration list for PBXProject "Toolbox" */ = {
			isa = XCConfigurationList;
			buildConfigurations = (
				A00000000000000000000025 /* Debug */,
				A00000000000000000000026 /* Release */,
			);
			defaultConfigurationIsVisible = 0;
			defaultConfigurationName = Release;
		};
		A00000000000000000000029 /* Build configuration list for PBXNativeTarget "Toolbox" */ = {
			isa = XCConfigurationList;
			buildConfigurations = (
				A00000000000000000000027 /* Debug */,
				A00000000000000000000028 /* Release */,
			);
			defaultConfigurationIsVisible = 0;
			defaultConfigurationName = Release;
		};
/* End XCConfigurationList section */
	};
	rootObject = A00000000000000000000023 /* Project object */;
}
